// !$*UTF8*$!
{
	archiveVersion = 1;
	classes = {
	};
	objectVersion = 50;
	objects = {

/* Begin PBXBuildFile section */
		FB40358F29FFA2DE0036D77B /* CacheManager.swift in Sources */ = {isa = PBXBuildFile; fileRef = FB40358E29FFA2DE0036D77B /* CacheManager.swift */; };
		FB49111F29FA75B20006EE42 /* Response.swift in Sources */ = {isa = PBXBuildFile; fileRef = FB49111E29FA75B20006EE42 /* Response.swift */; };
		FB49112129FDFCBE0006EE42 /* VideoTableViewCell.swift in Sources */ = {isa = PBXBuildFile; fileRef = FB49112029FDFCBE0006EE42 /* VideoTableViewCell.swift */; };
		FB7FC32829F9209F00A4620D /* AppDelegate.swift in Sources */ = {isa = PBXBuildFile; fileRef = FB7FC32729F9209F00A4620D /* AppDelegate.swift */; };
		FB7FC32A29F9209F00A4620D /* ViewController.swift in Sources */ = {isa = PBXBuildFile; fileRef = FB7FC32929F9209F00A4620D /* ViewController.swift */; };
		FB7FC32D29F9209F00A4620D /* Main.storyboard in Resources */ = {isa = PBXBuildFile; fileRef = FB7FC32B29F9209F00A4620D /* Main.storyboard */; };
		FB7FC32F29F920A000A4620D /* Assets.xcassets in Resources */ = {isa = PBXBuildFile; fileRef = FB7FC32E29F920A000A4620D /* Assets.xcassets */; };
		FB7FC33229F920A000A4620D /* LaunchScreen.storyboard in Resources */ = {isa = PBXBuildFile; fileRef = FB7FC33029F920A000A4620D /* LaunchScreen.storyboard */; };
		FB7FC33A29F932AE00A4620D /* Constants.swift in Sources */ = {isa = PBXBuildFile; fileRef = FB7FC33929F932AE00A4620D /* Constants.swift */; };
		FB7FC33C29F9609E00A4620D /* Video.swift in Sources */ = {isa = PBXBuildFile; fileRef = FB7FC33B29F9609E00A4620D /* Video.swift */; };
		FB7FC33E29F960F900A4620D /* Model.swift in Sources */ = {isa = PBXBuildFile; fileRef = FB7FC33D29F960F900A4620D /* Model.swift */; };
/* End PBXBuildFile section */

/* Begin PBXFileReference section */
		FB40358E29FFA2DE0036D77B /* CacheManager.swift */ = {isa = PBXFileReference; lastKnownFileType = sourcecode.swift; path = CacheManager.swift; sourceTree = "<group>"; };
		FB49111E29FA75B20006EE42 /* Response.swift */ = {isa = PBXFileReference; lastKnownFileType = sourcecode.swift; path = Response.swift; sourceTree = "<group>"; };
		FB49112029FDFCBE0006EE42 /* VideoTableViewCell.swift */ = {isa = PBXFileReference; lastKnownFileType = sourcecode.swift; path = VideoTableViewCell.swift; sourceTree = "<group>"; };
		FB7FC32429F9209F00A4620D /* youtube-onedaybuild.app */ = {isa = PBXFileReference; explicitFileType = wrapper.application; includeInIndex = 0; path = "youtube-onedaybuild.app"; sourceTree = BUILT_PRODUCTS_DIR; };
		FB7FC32729F9209F00A4620D /* AppDelegate.swift */ = {isa = PBXFileReference; lastKnownFileType = sourcecode.swift; path = AppDelegate.swift; sourceTree = "<group>"; };
		FB7FC32929F9209F00A4620D /* ViewController.swift */ = {isa = PBXFileReference; lastKnownFileType = sourcecode.swift; path = ViewController.swift; sourceTree = "<group>"; };
		FB7FC32C29F9209F00A4620D /* Base */ = {isa = PBXFileReference; lastKnownFileType = file.storyboard; name = Base; path = Base.lproj/Main.storyboard; sourceTree = "<group>"; };
		FB7FC32E29F920A000A4620D /* Assets.xcassets */ = {isa = PBXFileReference; lastKnownFileType = folder.assetcatalog; path = Assets.xcassets; sourceTree = "<group>"; };
		FB7FC33129F920A000A4620D /* Base */ = {isa = PBXFileReference; lastKnownFileType = file.storyboard; name = Base; path = Base.lproj/LaunchScreen.storyboard; sourceTree = "<group>"; };
		FB7FC33329F920A000A4620D /* Info.plist */ = {isa = PBXFileReference; lastKnownFileType = text.plist.xml; path = Info.plist; sourceTree = "<group>"; };
		FB7FC33929F932AE00A4620D /* Constants.swift */ = {isa = PBXFileReference; lastKnownFileType = sourcecode.swift; path = Constants.swift; sourceTree = "<group>"; };
		FB7FC33B29F9609E00A4620D /* Video.swift */ = {isa = PBXFileReference; lastKnownFileType = sourcecode.swift; path = Video.swift; sourceTree = "<group>"; };
		FB7FC33D29F960F900A4620D /* Model.swift */ = {isa = PBXFileReference; lastKnownFileType = sourcecode.swift; path = Model.swift; sourceTree = "<group>"; };
/* End PBXFileReference section */

/* Begin PBXFrameworksBuildPhase section */
		FB7FC32129F9209F00A4620D /* Frameworks */ = {
			isa = PBXFrameworksBuildPhase;
			buildActionMask = 2147483647;
			files = (
			);
			runOnlyForDeploymentPostprocessing = 0;
		};
/* End PBXFrameworksBuildPhase section */

/* Begin PBXGroup section */
		FB49112229FDFCF70006EE42 /* Storyboards */ = {
			isa = PBXGroup;
			children = (
				FB7FC32B29F9209F00A4620D /* Main.storyboard */,
				FB7FC33029F920A000A4620D /* LaunchScreen.storyboard */,
			);
			path = Storyboards;
			sourceTree = "<group>";
		};
		FB49112329FDFD180006EE42 /* Views */ = {
			isa = PBXGroup;
			children = (
				FB49112029FDFCBE0006EE42 /* VideoTableViewCell.swift */,
			);
			path = Views;
			sourceTree = "<group>";
		};
		FB49112429FDFD1F0006EE42 /* View Controllers */ = {
			isa = PBXGroup;
			children = (
				FB7FC32929F9209F00A4620D /* ViewController.swift */,
			);
			path = "View Controllers";
			sourceTree = "<group>";
		};
		FB49112629FDFD3B0006EE42 /* Models */ = {
			isa = PBXGroup;
			children = (
				FB7FC33B29F9609E00A4620D /* Video.swift */,
				FB7FC33D29F960F900A4620D /* Model.swift */,
				FB49111E29FA75B20006EE42 /* Response.swift */,
			);
			path = Models;
			sourceTree = "<group>";
		};
		FB49112729FDFD470006EE42 /* Helpers */ = {
			isa = PBXGroup;
			children = (
				FB7FC33929F932AE00A4620D /* Constants.swift */,
				FB40358E29FFA2DE0036D77B /* CacheManager.swift */,
			);
			path = Helpers;
			sourceTree = "<group>";
		};
		FB7FC31B29F9209F00A4620D = {
			isa = PBXGroup;
			children = (
				FB7FC32629F9209F00A4620D /* youtube-onedaybuild */,
				FB7FC32529F9209F00A4620D /* Products */,
			);
			sourceTree = "<group>";
		};
		FB7FC32529F9209F00A4620D /* Products */ = {
			isa = PBXGroup;
			children = (
				FB7FC32429F9209F00A4620D /* youtube-onedaybuild.app */,
			);
			name = Products;
			sourceTree = "<group>";
		};
		FB7FC32629F9209F00A4620D /* youtube-onedaybuild */ = {
			isa = PBXGroup;
			children = (
				FB7FC32729F9209F00A4620D /* AppDelegate.swift */,
				FB49112729FDFD470006EE42 /* Helpers */,
				FB49112629FDFD3B0006EE42 /* Models */,
				FB49112429FDFD1F0006EE42 /* View Controllers */,
				FB49112329FDFD180006EE42 /* Views */,
				FB49112229FDFCF70006EE42 /* Storyboards */,
				FB7FC32E29F920A000A4620D /* Assets.xcassets */,
				FB7FC33329F920A000A4620D /* Info.plist */,
			);
			path = "youtube-onedaybuild";
			sourceTree = "<group>";
		};
/* End PBXGroup section */

/* Begin PBXNativeTarget section */
		FB7FC32329F9209F00A4620D /* youtube-onedaybuild */ = {
			isa = PBXNativeTarget;
			buildConfigurationList = FB7FC33629F920A000A4620D /* Build configuration list for PBXNativeTarget "youtube-onedaybuild" */;
			buildPhases = (
				FB7FC32029F9209F00A4620D /* Sources */,
				FB7FC32129F9209F00A4620D /* Frameworks */,
				FB7FC32229F9209F00A4620D /* Resources */,
			);
			buildRules = (
			);
			dependencies = (
			);
			name = "youtube-onedaybuild";
			productName = "youtube-onedaybuild";
			productReference = FB7FC32429F9209F00A4620D /* youtube-onedaybuild.app */;
			productType = "com.apple.product-type.application";
		};
/* End PBXNativeTarget section */

/* Begin PBXProject section */
		FB7FC31C29F9209F00A4620D /* Project object */ = {
			isa = PBXProject;
			attributes = {
				LastSwiftUpdateCheck = 1030;
				LastUpgradeCheck = 1030;
				ORGANIZATIONNAME = daryl;
				TargetAttributes = {
					FB7FC32329F9209F00A4620D = {
						CreatedOnToolsVersion = 10.3;
					};
				};
			};
			buildConfigurationList = FB7FC31F29F9209F00A4620D /* Build configuration list for PBXProject "youtube-onedaybuild" */;
			compatibilityVersion = "Xcode 9.3";
			developmentRegion = en;
			hasScannedForEncodings = 0;
			knownRegions = (
				en,
				Base,
			);
			mainGroup = FB7FC31B29F9209F00A4620D;
			productRefGroup = FB7FC32529F9209F00A4620D /* Products */;
			projectDirPath = "";
			projectRoot = "";
			targets = (
				FB7FC32329F9209F00A4620D /* youtube-onedaybuild */,
			);
		};
/* End PBXProject section */

/* Begin PBXResourcesBuildPhase section */
		FB7FC32229F9209F00A4620D /* Resources */ = {
			isa = PBXResourcesBuildPhase;
			buildActionMask = 2147483647;
			files = (
				FB7FC33229F920A000A4620D /* LaunchScreen.storyboard in Resources */,
				FB7FC32F29F920A000A4620D /* Assets.xcassets in Resources */,
				FB7FC32D29F9209F00A4620D /* Main.storyboard in Resources */,
			);
			runOnlyForDeploymentPostprocessing = 0;
		};
/* End PBXResourcesBuildPhase section */

/* Begin PBXSourcesBuildPhase section */
		FB7FC32029F9209F00A4620D /* Sources */ = {
			isa = PBXSourcesBuildPhase;
			buildActionMask = 2147483647;
			files = (
				FB7FC33E29F960F900A4620D /* Model.swift in Sources */,
				FB7FC32A29F9209F00A4620D /* ViewController.swift in Sources */,
				FB49112129FDFCBE0006EE42 /* VideoTableViewCell.swift in Sources */,
				FB7FC33C29F9609E00A4620D /* Video.swift in Sources */,
				FB40358F29FFA2DE0036D77B /* CacheManager.swift in Sources */,
				FB7FC32829F9209F00A4620D /* AppDelegate.swift in Sources */,
				FB49111F29FA75B20006EE42 /* Response.swift in Sources */,
				FB7FC33A29F932AE00A4620D /* Constants.swift in Sources */,
			);
			runOnlyForDeploymentPostprocessing = 0;
		};
/* End PBXSourcesBuildPhase section */

/* Begin PBXVariantGroup section */
		FB7FC32B29F9209F00A4620D /* Main.storyboard */ = {
			isa = PBXVariantGroup;
			children = (
				FB7FC32C29F9209F00A4620D /* Base */,
			);
			name = Main.storyboard;
			sourceTree = "<group>";
		};
		FB7FC33029F920A000A4620D /* LaunchScreen.storyboard */ = {
			isa = PBXVariantGroup;
			children = (
				FB7FC33129F920A000A4620D /* Base */,
			);
			name = LaunchScreen.storyboard;
			sourceTree = "<group>";
		};
/* End PBXVariantGroup section */

/* Begin XCBuildConfiguration section */
		FB7FC33429F920A000A4620D /* Debug */ = {
			isa = XCBuildConfiguration;
			buildSettings = {
				ALWAYS_SEARCH_USER_PATHS = NO;
				CLANG_ANALYZER_NONNULL = YES;
				CLANG_ANALYZER_NUMBER_OBJECT_CONVERSION = YES_AGGRESSIVE;
				CLANG_CXX_LANGUAGE_STANDARD = "gnu++14";
				CLANG_CXX_LIBRARY = "libc++";
				CLANG_ENABLE_MODULES = YES;
				CLANG_ENABLE_OBJC_ARC = YES;
				CLANG_ENABLE_OBJC_WEAK = YES;
				CLANG_WARN_BLOCK_CAPTURE_AUTORELEASING = YES;
				CLANG_WARN_BOOL_CONVERSION = YES;
				CLANG_WARN_COMMA = YES;
				CLANG_WARN_CONSTANT_CONVERSION = YES;
				CLANG_WARN_DEPRECATED_OBJC_IMPLEMENTATIONS = YES;
				CLANG_WARN_DIRECT_OBJC_ISA_USAGE = YES_ERROR;
				CLANG_WARN_DOCUMENTATION_COMMENTS = YES;
				CLANG_WARN_EMPTY_BODY = YES;
				CLANG_WARN_ENUM_CONVERSION = YES;
				CLANG_WARN_INFINITE_RECURSION = YES;
				CLANG_WARN_INT_CONVERSION = YES;
				CLANG_WARN_NON_LITERAL_NULL_CONVERSION = YES;
				CLANG_WARN_OBJC_IMPLICIT_RETAIN_SELF = YES;
				CLANG_WARN_OBJC_LITERAL_CONVERSION = YES;
				CLANG_WARN_OBJC_ROOT_CLASS = YES_ERROR;
				CLANG_WARN_RANGE_LOOP_ANALYSIS = YES;
				CLANG_WARN_STRICT_PROTOTYPES = YES;
				CLANG_WARN_SUSPICIOUS_MOVE = YES;
				CLANG_WARN_UNGUARDED_AVAILABILITY = YES_AGGRESSIVE;
				CLANG_WARN_UNREACHABLE_CODE = YES;
				CLANG_WARN__DUPLICATE_METHOD_MATCH = YES;
				CODE_SIGN_IDENTITY = "iPhone Developer";
				COPY_PHASE_STRIP = NO;
				DEBUG_INFORMATION_FORMAT = dwarf;
				ENABLE_STRICT_OBJC_MSGSEND = YES;
				ENABLE_TESTABILITY = YES;
				GCC_C_LANGUAGE_STANDARD = gnu11;
				GCC_DYNAMIC_NO_PIC = NO;
				GCC_NO_COMMON_BLOCKS = YES;
				GCC_OPTIMIZATION_LEVEL = 0;
				GCC_PREPROCESSOR_DEFINITIONS = (
					"DEBUG=1",
					"$(inherited)",
				);
				GCC_WARN_64_TO_32_BIT_CONVERSION = YES;
				GCC_WARN_ABOUT_RETURN_TYPE = YES_ERROR;
				GCC_WARN_UNDECLARED_SELECTOR = YES;
				GCC_WARN_UNINITIALIZED_AUTOS = YES_AGGRESSIVE;
				GCC_WARN_UNUSED_FUNCTION = YES;
				GCC_WARN_UNUSED_VARIABLE = YES;
				IPHONEOS_DEPLOYMENT_TARGET = 12.4;
				MTL_ENABLE_DEBUG_INFO = INCLUDE_SOURCE;
				MTL_FAST_MATH = YES;
				ONLY_ACTIVE_ARCH = YES;
				SDKROOT = iphoneos;
				SWIFT_ACTIVE_COMPILATION_CONDITIONS = DEBUG;
				SWIFT_OPTIMIZATION_LEVEL = "-Onone";
			};
			name = Debug;
		};
		FB7FC33529F920A000A4620D /* Release */ = {
			isa = XCBuildConfiguration;
			buildSettings = {
				ALWAYS_SEARCH_USER_PATHS = NO;
				CLANG_ANALYZER_NONNULL = YES;
				CLANG_ANALYZER_NUMBER_OBJECT_CONVERSION = YES_AGGRESSIVE;
				CLANG_CXX_LANGUAGE_STANDARD = "gnu++14";
				CLANG_CXX_LIBRARY = "libc++";
				CLANG_ENABLE_MODULES = YES;
				CLANG_ENABLE_OBJC_ARC = YES;
				CLANG_ENABLE_OBJC_WEAK = YES;
				CLANG_WARN_BLOCK_CAPTURE_AUTORELEASING = YES;
				CLANG_WARN_BOOL_CONVERSION = YES;
				CLANG_WARN_COMMA = YES;
				CLANG_WARN_CONSTANT_CONVERSION = YES;
				CLANG_WARN_DEPRECATED_OBJC_IMPLEMENTATIONS = YES;
				CLANG_WARN_DIRECT_OBJC_ISA_USAGE = YES_ERROR;
				CLANG_WARN_DOCUMENTATION_COMMENTS = YES;
				CLANG_WARN_EMPTY_BODY = YES;
				CLANG_WARN_ENUM_CONVERSION = YES;
				CLANG_WARN_INFINITE_RECURSION = YES;
				CLANG_WARN_INT_CONVERSION = YES;
				CLANG_WARN_NON_LITERAL_NULL_CONVERSION = YES;
				CLANG_WARN_OBJC_IMPLICIT_RETAIN_SELF = YES;
				CLANG_WARN_OBJC_LITERAL_CONVERSION = YES;
				CLANG_WARN_OBJC_ROOT_CLASS = YES_ERROR;
				CLANG_WARN_RANGE_LOOP_ANALYSIS = YES;
				CLANG_WARN_STRICT_PROTOTYPES = YES;
				CLANG_WARN_SUSPICIOUS_MOVE = YES;
				CLANG_WARN_UNGUARDED_AVAILABILITY = YES_AGGRESSIVE;
				CLANG_WARN_UNREACHABLE_CODE = YES;
				CLANG_WARN__DUPLICATE_METHOD_MATCH = YES;
				CODE_SIGN_IDENTITY = "iPhone Developer";
				COPY_PHASE_STRIP = NO;
				DEBUG_INFORMATION_FORMAT = "dwarf-with-dsym";
				ENABLE_NS_ASSERTIONS = NO;
				ENABLE_STRICT_OBJC_MSGSEND = YES;
				GCC_C_LANGUAGE_STANDARD = gnu11;
				GCC_NO_COMMON_BLOCKS = YES;
				GCC_WARN_64_TO_32_BIT_CONVERSION = YES;
				GCC_WARN_ABOUT_RETURN_TYPE = YES_ERROR;
				GCC_WARN_UNDECLARED_SELECTOR = YES;
				GCC_WARN_UNINITIALIZED_AUTOS = YES_AGGRESSIVE;
				GCC_WARN_UNUSED_FUNCTION = YES;
				GCC_WARN_UNUSED_VARIABLE = YES;
				IPHONEOS_DEPLOYMENT_TARGET = 12.4;
				MTL_ENABLE_DEBUG_INFO = NO;
				MTL_FAST_MATH = YES;
				SDKROOT = iphoneos;
				SWIFT_COMPILATION_MODE = wholemodule;
				SWIFT_OPTIMIZATION_LEVEL = "-O";
				VALIDATE_PRODUCT = YES;
			};
			name = Release;
		};
		FB7FC33729F920A000A4620D /* Debug */ = {
			isa = XCBuildConfiguration;
			buildSettings = {
				ASSETCATALOG_COMPILER_APPICON_NAME = AppIcon;
				CODE_SIGN_STYLE = Automatic;
				DEVELOPMENT_TEAM = 3KHP7B6527;
				INFOPLIST_FILE = "youtube-onedaybuild/Info.plist";
				LD_RUNPATH_SEARCH_PATHS = (
					"$(inherited)",
					"@executable_path/Frameworks",
				);
				PRODUCT_BUNDLE_IDENTIFIER = "com.test.youtube-onedaybuild";
				PRODUCT_NAME = "$(TARGET_NAME)";
				SWIFT_VERSION = 5.0;
				TARGETED_DEVICE_FAMILY = "1,2";
			};
			name = Debug;
		};
		FB7FC33829F920A000A4620D /* Release */ = {
			isa = XCBuildConfiguration;
			buildSettings = {
				ASSETCATALOG_COMPILER_APPICON_NAME = AppIcon;
				CODE_SIGN_STYLE = Automatic;
				DEVELOPMENT_TEAM = 3KHP7B6527;
				INFOPLIST_FILE = "youtube-onedaybuild/Info.plist";
				LD_RUNPATH_SEARCH_PATHS = (
					"$(inherited)",
					"@executable_path/Frameworks",
				);
				PRODUCT_BUNDLE_IDENTIFIER = "com.test.youtube-onedaybuild";
				PRODUCT_NAME = "$(TARGET_NAME)";
				SWIFT_VERSION = 5.0;
				TARGETED_DEVICE_FAMILY = "1,2";
			};
			name = Release;
		};
/* End XCBuildConfiguration section */

/* Begin XCConfigurationList section */
		FB7FC31F29F9209F00A4620D /* Build configuration list for PBXProject "youtube-onedaybuild" */ = {
			isa = XCConfigurationList;
			buildConfigurations = (
				FB7FC33429F920A000A4620D /* Debug */,
				FB7FC33529F920A000A4620D /* Release */,
			);
			defaultConfigurationIsVisible = 0;
			defaultConfigurationName = Release;
		};
		FB7FC33629F920A000A4620D /* Build configuration list for PBXNativeTarget "youtube-onedaybuild" */ = {
			isa = XCConfigurationList;
			buildConfigurations = (
				FB7FC33729F920A000A4620D /* Debug */,
				FB7FC33829F920A000A4620D /* Release */,
			);
			defaultConfigurationIsVisible = 0;
			defaultConfigurationName = Release;
		};
/* End XCConfigurationList section */
	};
	rootObject = FB7FC31C29F9209F00A4620D /* Project object */;
}
